
Microsoft Visual Studio Solution File, Format Version 12.00
# Visual Studio Version 17
VisualStudioVersion = 17.11.35312.102
MinimumVisualStudioVersion = 10.0.40219.1
Project("{FAE04EC0-301F-11D3-BF4B-00C04F79EFBC}") = "ebert-isaac-a2-drawing", "ebert-isaac-a2-drawing.csproj", "{785826FB-420E-45A1-A823-CF4FE54E0E42}"
EndProject
Global
	GlobalSection(SolutionConfigurationPlatforms) = preSolution
		Debug|Any CPU = Debug|Any CPU
		Release|Any CPU = Release|Any CPU
	EndGlobalSection
	GlobalSection(ProjectConfigurationPlatforms) = postSolution
		{785826FB-420E-45A1-A823-CF4FE54E0E42}.Debug|Any CPU.ActiveCfg = Debug|Any CPU
		{785826FB-420E-45A1-A823-CF4FE54E0E42}.Debug|Any CPU.Build.0 = Debug|Any CPU
		{785826FB-420E-45A1-A823-CF4FE54E0E42}.Release|Any CPU.ActiveCfg = Release|Any CPU
		{785826FB-420E-45A1-A823-CF4FE54E0E42}.Release|Any CPU.Build.0 = Release|Any CPU
	EndGlobalSection
	GlobalSection(SolutionProperties) = preSolution
		HideSolutionNode = FALSE
	EndGlobalSection
	GlobalSection(ExtensibilityGlobals) = postSolution
		SolutionGuid = {68FD777E-B215-421B-9F0A-07A280885BC2}
	EndGlobalSection
EndGlobal
